<?xml version="1.0" encoding="utf-8"?>
<Project ToolsVersion="4.0" xmlns="http://schemas.microsoft.com/developer/msbuild/2003">
  <ItemGroup>
    <Filter Include="Archivos de código fuente">
      <UniqueIdentifier>{4FC737F1-C7A5-4376-A066-2A32D752A2FF}</UniqueIdentifier>
      <Extensions>cpp;c;cc;cxx;def;odl;idl;hpj;bat;asm;asmx</Extensions>
    </Filter>
    <Filter Include="Archivos de encabezado">
      <UniqueIdentifier>{93995380-89BD-4b04-88EB-625FBE52EBFB}</UniqueIdentifier>
      <Extensions>h;hh;hpp;hxx;hm;inl;inc;xsd</Extensions>
    </Filter>
    <Filter Include="Archivos de recursos">
      <UniqueIdentifier>{67DA6AB6-F800-4c08-8B7A-83BB121AAD01}</UniqueIdentifier>
      <Extensions>rc;ico;cur;bmp;dlg;rc2;rct;bin;rgs;gif;jpg;jpeg;jpe;resx;tiff;tif;png;wav;mfcribbon-ms</Extensions>
    </Filter>
    <Filter Include="Archivos de código fuente\Strategy Pattern">
      <UniqueIdentifier>{410eae9b-ba58-4904-b89b-46264fcc3279}</UniqueIdentifier>
    </Filter>
    <Filter Include="Archivos de encabezado\Strategy Pattern">
      <UniqueIdentifier>{493af4c5-7f62-46af-9f67-6b0dcd473bd2}</UniqueIdentifier>
    </Filter>
    <Filter Include="Archivos de encabezado\Decorator Pattern">
      <UniqueIdentifier>{a1b2c5c2-6368-4ead-b89a-21a3ed4868c8}</UniqueIdentifier>
    </Filter>
    <Filter Include="Archivos de código fuente\Decorator Pattern">
      <UniqueIdentifier>{5920e45f-8baf-494e-9bfd-77c6ba0fd4db}</UniqueIdentifier>
    </Filter>
  </ItemGroup>
  <ItemGroup>
    <ClInclude Include="Accesory.h">
      <Filter>Archivos de encabezado\Decorator Pattern</Filter>
    </ClInclude>
    <ClInclude Include="Component.h">
      <Filter>Archivos de encabezado\Decorator Pattern</Filter>
    </ClInclude>
    <ClInclude Include="Flame.h">
      <Filter>Archivos de encabezado\Decorator Pattern</Filter>
    </ClInclude>
    <ClInclude Include="Laser.h">
      <Filter>Archivos de encabezado\Decorator Pattern</Filter>
    </ClInclude>
    <ClInclude Include="Sword.h">
      <Filter>Archivos de encabezado\Decorator Pattern</Filter>
    </ClInclude>
    <ClInclude Include="Shield.h">
      <Filter>Archivos de encabezado\Decorator Pattern</Filter>
    </ClInclude>
    <ClInclude Include="Weapon.h">
      <Filter>Archivos de encabezado\Decorator Pattern</Filter>
    </ClInclude>
    <ClInclude Include="Arma.h">
      <Filter>Archivos de encabezado\Strategy Pattern</Filter>
    </ClInclude>
    <ClInclude Include="Armadura.h">
      <Filter>Archivos de encabezado\Strategy Pattern</Filter>
    </ClInclude>
    <ClInclude Include="Ataque.h">
      <Filter>Archivos de encabezado\Strategy Pattern</Filter>
    </ClInclude>
    <ClInclude Include="Disparo.h">
      <Filter>Archivos de encabezado\Strategy Pattern</Filter>
    </ClInclude>
    <ClInclude Include="Enemigo.h">
      <Filter>Archivos de encabezado\Strategy Pattern</Filter>
    </ClInclude>
    <ClInclude Include="GolpeBasico.h">
      <Filter>Archivos de encabezado\Strategy Pattern</Filter>
    </ClInclude>
    <ClInclude Include="Item.h">
      <Filter>Archivos de encabezado\Strategy Pattern</Filter>
    </ClInclude>
    <ClInclude Include="Personaje.h">
      <Filter>Archivos de encabezado\Strategy Pattern</Filter>
    </ClInclude>
    <ClInclude Include="Posion.h">
      <Filter>Archivos de encabezado\Strategy Pattern</Filter>
    </ClInclude>
  </ItemGroup>
  <ItemGroup>
    <ClCompile Include="main.cpp">
      <Filter>Archivos de código fuente</Filter>
    </ClCompile>
    <ClCompile Include="Accesory.cpp">
      <Filter>Archivos de código fuente\Decorator Pattern</Filter>
    </ClCompile>
    <ClCompile Include="Component.cpp">
      <Filter>Archivos de código fuente\Decorator Pattern</Filter>
    </ClCompile>
    <ClCompile Include="Flame.cpp">
      <Filter>Archivos de código fuente\Decorator Pattern</Filter>
    </ClCompile>
    <ClCompile Include="Laser.cpp">
      <Filter>Archivos de código fuente\Decorator Pattern</Filter>
    </ClCompile>
    <ClCompile Include="Sword.cpp">
      <Filter>Archivos de código fuente\Decorator Pattern</Filter>
    </ClCompile>
    <ClCompile Include="Weapon.cpp">
      <Filter>Archivos de código fuente\Decorator Pattern</Filter>
    </ClCompile>
    <ClCompile Include="Shield.cpp">
      <Filter>Archivos de código fuente\Decorator Pattern</Filter>
    </ClCompile>
    <ClCompile Include="Arma.cpp">
      <Filter>Archivos de código fuente\Strategy Pattern</Filter>
    </ClCompile>
    <ClCompile Include="Armadura.cpp">
      <Filter>Archivos de código fuente\Strategy Pattern</Filter>
    </ClCompile>
    <ClCompile Include="Ataque.cpp">
      <Filter>Archivos de código fuente\Strategy Pattern</Filter>
    </ClCompile>
    <ClCompile Include="Disparo.cpp">
      <Filter>Archivos de código fuente\Strategy Pattern</Filter>
    </ClCompile>
    <ClCompile Include="Enemigo.cpp">
      <Filter>Archivos de código fuente\Strategy Pattern</Filter>
    </ClCompile>
    <ClCompile Include="GolpeBasico.cpp">
      <Filter>Archivos de código fuente\Strategy Pattern</Filter>
    </ClCompile>
    <ClCompile Include="Item.cpp">
      <Filter>Archivos de código fuente\Strategy Pattern</Filter>
    </ClCompile>
    <ClCompile Include="Personaje.cpp">
      <Filter>Archivos de código fuente\Strategy Pattern</Filter>
    </ClCompile>
    <ClCompile Include="Posion.cpp">
      <Filter>Archivos de código fuente\Strategy Pattern</Filter>
    </ClCompile>
  </ItemGroup>
</Project>